<?xml version="1.0" encoding="utf-8"?>
<Project ToolsVersion="4.0" xmlns="http://schemas.microsoft.com/developer/msbuild/2003">
  <ItemGroup>
    <Filter Include="App">
      <UniqueIdentifier>{05e51023-d90d-4eab-9235-a2f83d75ff18}</UniqueIdentifier>
    </Filter>
    <Filter Include="GameEngine">
      <UniqueIdentifier>{a9c9cda8-2848-46e0-8783-72a926603f2d}</UniqueIdentifier>
    </Filter>
    <Filter Include="GameEngine\Windowing System">
      <UniqueIdentifier>{a80a8c6b-f03f-44be-9e0a-c0a95fb2850d}</UniqueIdentifier>
    </Filter>
    <Filter Include="GameEngine\Graphics Engine">
      <UniqueIdentifier>{9ad61f6c-992c-4b3f-9dea-9875ea1b9242}</UniqueIdentifier>
    </Filter>
    <Filter Include="GameEngine\Graphics Engine\Swap Chain">
      <UniqueIdentifier>{2e76b277-27a9-4ee6-9130-cfceef7c099b}</UniqueIdentifier>
    </Filter>
    <Filter Include="GameEngine\Graphics Engine\DeviceContext">
      <UniqueIdentifier>{25b47aa5-229f-447a-85a9-b4dea8271fb5}</UniqueIdentifier>
    </Filter>
    <Filter Include="GameEngine\Shaders">
      <UniqueIdentifier>{c89ea38f-93e2-4f5e-a198-32dc4c8656ea}</UniqueIdentifier>
    </Filter>
    <Filter Include="GameEngine\Shaders\PixelShader">
      <UniqueIdentifier>{bfe12d39-d55e-4390-aad9-f6938ac78745}</UniqueIdentifier>
    </Filter>
    <Filter Include="GameEngine\Shaders\VertexShader">
      <UniqueIdentifier>{4dfa84b7-1126-4441-91d5-e06a6c84d9ef}</UniqueIdentifier>
    </Filter>
    <Filter Include="GameEngine\Graphics Engine\Buffers">
      <UniqueIdentifier>{a3107ce2-2653-4d3b-9c23-9ba18e4dae15}</UniqueIdentifier>
    </Filter>
    <Filter Include="GameEngine\Graphics Engine\Buffers\VertexBuffer">
      <UniqueIdentifier>{8af346e5-bfe7-4034-a463-f015000678a3}</UniqueIdentifier>
    </Filter>
    <Filter Include="GameEngine\Graphics Engine\Buffers\ConstantBuffer">
      <UniqueIdentifier>{566383bc-9d15-409e-8348-02933aa2d403}</UniqueIdentifier>
    </Filter>
    <Filter Include="GameEngine\EngineTime">
      <UniqueIdentifier>{f65c5e97-2eb8-4905-9291-f1415cba541f}</UniqueIdentifier>
    </Filter>
    <Filter Include="GameEngine\Graphics Engine\Buffers\IndexBuffer">
      <UniqueIdentifier>{c32cad0b-f66b-4837-848d-f81d237641bd}</UniqueIdentifier>
    </Filter>
    <Filter Include="GameEngine\Graphics Engine\GameObjects">
      <UniqueIdentifier>{16cf9cca-c6da-4469-86eb-2680cde10877}</UniqueIdentifier>
    </Filter>
    <Filter Include="GameEngine\Utilities">
      <UniqueIdentifier>{1f94993e-0d70-40f0-bd10-cbd272cc70d4}</UniqueIdentifier>
    </Filter>
    <Filter Include="GameEngine\Graphics Engine\MathUtilities">
      <UniqueIdentifier>{48481610-ac60-4c76-b0e1-2adf26e9cda4}</UniqueIdentifier>
    </Filter>
    <Filter Include="GameEngine\Graphics Engine\InputSystem">
      <UniqueIdentifier>{9a13e0c1-7ed4-474c-837c-2e016ee08ee5}</UniqueIdentifier>
    </Filter>
    <Filter Include="GameEngine\Graphics Engine\Camera">
      <UniqueIdentifier>{b3f44588-5110-4ab1-9904-bb8002c7c740}</UniqueIdentifier>
    </Filter>
    <Filter Include="GameEngine\imgui">
      <UniqueIdentifier>{f7707b53-5d33-4e04-931e-e56d7e48c81b}</UniqueIdentifier>
    </Filter>
    <Filter Include="GameEngine\UI">
      <UniqueIdentifier>{f9da5880-ef0e-4468-8896-8c9b211da7c3}</UniqueIdentifier>
    </Filter>
  </ItemGroup>
  <ItemGroup>
    <ClCompile Include="MAIN.cpp">
      <Filter>App</Filter>
    </ClCompile>
    <ClCompile Include="AppWindow.cpp">
      <Filter>App</Filter>
    </ClCompile>
    <ClCompile Include="Window.cpp">
      <Filter>GameEngine\Windowing System</Filter>
    </ClCompile>
    <ClCompile Include="GraphicsEngine.cpp">
      <Filter>GameEngine\Graphics Engine</Filter>
    </ClCompile>
    <ClCompile Include="SwapChain.cpp">
      <Filter>GameEngine\Graphics Engine\Swap Chain</Filter>
    </ClCompile>
    <ClCompile Include="DeviceContext.cpp">
      <Filter>GameEngine\Graphics Engine\DeviceContext</Filter>
    </ClCompile>
    <ClCompile Include="VertexBuffer.cpp">
      <Filter>GameEngine\Graphics Engine\Buffers\VertexBuffer</Filter>
    </ClCompile>
    <ClCompile Include="AGameObject.cpp">
      <Filter>GameEngine\Graphics Engine\GameObjects</Filter>
    </ClCompile>
    <ClCompile Include="Point.cpp">
      <Filter>GameEngine\Graphics Engine\GameObjects</Filter>
    </ClCompile>
    <ClCompile Include="PixelShader.cpp">
      <Filter>GameEngine\Shaders\PixelShader</Filter>
    </ClCompile>
    <ClCompile Include="VertexShader.cpp">
      <Filter>GameEngine\Shaders\VertexShader</Filter>
    </ClCompile>
    <ClCompile Include="ConstantBuffer.cpp">
      <Filter>GameEngine\Graphics Engine\Buffers\ConstantBuffer</Filter>
    </ClCompile>
    <ClCompile Include="EngineTime.cpp">
      <Filter>GameEngine\EngineTime</Filter>
    </ClCompile>
    <ClCompile Include="Cube.cpp">
      <Filter>GameEngine\Graphics Engine\GameObjects</Filter>
    </ClCompile>
    <ClCompile Include="IndexBuffer.cpp">
      <Filter>GameEngine\Graphics Engine\Buffers\IndexBuffer</Filter>
    </ClCompile>
    <ClCompile Include="Utilities.cpp">
      <Filter>GameEngine\Utilities</Filter>
    </ClCompile>
    <ClCompile Include="Vector3D.cpp">
      <Filter>GameEngine\Graphics Engine\MathUtilities</Filter>
    </ClCompile>
    <ClCompile Include="Matrix4x4.cpp">
      <Filter>GameEngine\Graphics Engine\MathUtilities</Filter>
    </ClCompile>
    <ClCompile Include="MathUtils.cpp">
      <Filter>GameEngine\Graphics Engine\MathUtilities</Filter>
    </ClCompile>
    <ClCompile Include="InputSystem.cpp">
      <Filter>GameEngine\Graphics Engine\InputSystem</Filter>
    </ClCompile>
    <ClCompile Include="Camera.cpp">
      <Filter>GameEngine\Graphics Engine\Camera</Filter>
    </ClCompile>
    <ClCompile Include="Vector4D.cpp">
      <Filter>GameEngine\Graphics Engine\MathUtilities</Filter>
    </ClCompile>
    <ClCompile Include="SceneCameraManager.cpp">
      <Filter>GameEngine\Graphics Engine\Camera</Filter>
    </ClCompile>
    <ClCompile Include="Quad.cpp">
      <Filter>GameEngine\Graphics Engine\GameObjects</Filter>
    </ClCompile>
    <ClCompile Include="UIManager.cpp">
      <Filter>GameEngine\UI</Filter>
    </ClCompile>
    <ClCompile Include="AUIScreen.cpp">
      <Filter>GameEngine\UI</Filter>
    </ClCompile>
    <ClCompile Include="imgui\imgui.cpp">
      <Filter>GameEngine\imgui</Filter>
    </ClCompile>
    <ClCompile Include="imgui\imgui_demo.cpp">
      <Filter>GameEngine\imgui</Filter>
    </ClCompile>
    <ClCompile Include="imgui\imgui_draw.cpp">
      <Filter>GameEngine\imgui</Filter>
    </ClCompile>
    <ClCompile Include="imgui\imgui_impl_dx11.cpp">
      <Filter>GameEngine\imgui</Filter>
    </ClCompile>
    <ClCompile Include="imgui\imgui_impl_win32.cpp">
      <Filter>GameEngine\imgui</Filter>
    </ClCompile>
    <ClCompile Include="imgui\imgui_tables.cpp">
      <Filter>GameEngine\imgui</Filter>
    </ClCompile>
    <ClCompile Include="imgui\imgui_widgets.cpp">
      <Filter>GameEngine\imgui</Filter>
    </ClCompile>
    <ClCompile Include="EngineProfiler.cpp" />
    <ClCompile Include="GameObjectManager.cpp" />
    <ClCompile Include="InspectorWindow.cpp" />
    <ClCompile Include="SceneOutliner.cpp" />
    <ClCompile Include="ToolBar.cpp" />
    <ClCompile Include="SceneCamera.cpp" />
  </ItemGroup>
  <ItemGroup>
    <ClInclude Include="AppWindow.h">
      <Filter>App</Filter>
    </ClInclude>
    <ClInclude Include="Window.h">
      <Filter>GameEngine\Windowing System</Filter>
    </ClInclude>
    <ClInclude Include="GraphicsEngine.h">
      <Filter>GameEngine\Graphics Engine</Filter>
    </ClInclude>
    <ClInclude Include="SwapChain.h">
      <Filter>GameEngine\Graphics Engine\Swap Chain</Filter>
    </ClInclude>
    <ClInclude Include="DeviceContext.h">
      <Filter>GameEngine\Graphics Engine\DeviceContext</Filter>
    </ClInclude>
    <ClInclude Include="VertexBuffer.h">
      <Filter>GameEngine\Graphics Engine\Buffers\VertexBuffer</Filter>
    </ClInclude>
    <ClInclude Include="Point.h">
      <Filter>GameEngine\Graphics Engine\GameObjects</Filter>
    </ClInclude>
    <ClInclude Include="PixelShader.h">
      <Filter>GameEngine\Shaders\PixelShader</Filter>
    </ClInclude>
    <ClInclude Include="VertexShader.h">
      <Filter>GameEngine\Shaders\VertexShader</Filter>
    </ClInclude>
    <ClInclude Include="ConstantBuffer.h">
      <Filter>GameEngine\Graphics Engine\Buffers\ConstantBuffer</Filter>
    </ClInclude>
    <ClInclude Include="EngineTime.h">
      <Filter>GameEngine\EngineTime</Filter>
    </ClInclude>
    <ClInclude Include="Cube.h">
      <Filter>GameEngine\Graphics Engine\GameObjects</Filter>
    </ClInclude>
    <ClInclude Include="IndexBuffer.h">
      <Filter>GameEngine\Graphics Engine\Buffers\IndexBuffer</Filter>
    </ClInclude>
    <ClInclude Include="Utilities.h">
      <Filter>GameEngine\Utilities</Filter>
    </ClInclude>
    <ClInclude Include="Vector3D.h">
      <Filter>GameEngine\Graphics Engine\MathUtilities</Filter>
    </ClInclude>
    <ClInclude Include="Matrix4x4.h">
      <Filter>GameEngine\Graphics Engine\MathUtilities</Filter>
    </ClInclude>
    <ClInclude Include="MathUtils.h">
      <Filter>GameEngine\Graphics Engine\MathUtilities</Filter>
    </ClInclude>
    <ClInclude Include="InputListener.h">
      <Filter>GameEngine\Graphics Engine\InputSystem</Filter>
    </ClInclude>
    <ClInclude Include="InputSystem.h">
      <Filter>GameEngine\Graphics Engine\InputSystem</Filter>
    </ClInclude>
    <ClInclude Include="Camera.h">
      <Filter>GameEngine\Graphics Engine\Camera</Filter>
    </ClInclude>
    <ClInclude Include="Vector4D.h">
      <Filter>GameEngine\Graphics Engine\MathUtilities</Filter>
    </ClInclude>
    <ClInclude Include="SceneCameraManager.h">
      <Filter>GameEngine\Graphics Engine\Camera</Filter>
    </ClInclude>
    <ClInclude Include="Quad.h">
      <Filter>GameEngine\Graphics Engine\GameObjects</Filter>
    </ClInclude>
    <ClInclude Include="UIManager.h">
      <Filter>GameEngine\UI</Filter>
    </ClInclude>
    <ClInclude Include="UINames.h">
      <Filter>GameEngine\UI</Filter>
    </ClInclude>
    <ClInclude Include="AUIScreen.h">
      <Filter>GameEngine\UI</Filter>
    </ClInclude>
    <ClInclude Include="imgui\imconfig.h">
      <Filter>GameEngine\imgui</Filter>
    </ClInclude>
    <ClInclude Include="imgui\imgui.h">
      <Filter>GameEngine\imgui</Filter>
    </ClInclude>
    <ClInclude Include="imgui\imgui_impl_dx11.h">
      <Filter>GameEngine\imgui</Filter>
    </ClInclude>
    <ClInclude Include="imgui\imgui_impl_win32.h">
      <Filter>GameEngine\imgui</Filter>
    </ClInclude>
    <ClInclude Include="imgui\imgui_internal.h">
      <Filter>GameEngine\imgui</Filter>
    </ClInclude>
    <ClInclude Include="imgui\imstb_rectpack.h">
      <Filter>GameEngine\imgui</Filter>
    </ClInclude>
    <ClInclude Include="imgui\imstb_textedit.h">
      <Filter>GameEngine\imgui</Filter>
    </ClInclude>
    <ClInclude Include="imgui\imstb_truetype.h">
      <Filter>GameEngine\imgui</Filter>
    </ClInclude>
    <ClInclude Include="EngineProfiler.h" />
    <ClInclude Include="GameObjectManager.h" />
    <ClInclude Include="InspectorWindow.h" />
    <ClInclude Include="SceneOutliner.h" />
    <ClInclude Include="ToolBar.h" />
    <ClInclude Include="AGameObject.h">
      <Filter>GameEngine\Graphics Engine\GameObjects</Filter>
    </ClInclude>
    <ClInclude Include="SceneCamera.h" />
  </ItemGroup>
  <ItemGroup>
    <FxCompile Include="VertexShader.hlsl">
      <Filter>App</Filter>
    </FxCompile>
    <FxCompile Include="PixelShader.hlsl">
      <Filter>App</Filter>
    </FxCompile>
  </ItemGroup>
</Project>